
Microsoft Visual Studio Solution File, Format Version 12.00
# Visual Studio Version 16
VisualStudioVersion = 16.0.32802.440
MinimumVisualStudioVersion = 10.0.40219.1
Project("{FAE04EC0-301F-11D3-BF4B-00C04F79EFBC}") = "w2_ch2_quiz4_1941", "w2_ch2_quiz4_1941\w2_ch2_quiz4_1941.csproj", "{B5FCF35D-304B-487E-977E-A4709E4A8A4D}"
EndProject
Project("{FAE04EC0-301F-11D3-BF4B-00C04F79EFBC}") = "ch2_quiz2_1941", "ch2_quiz2_1941\ch2_quiz2_1941.csproj", "{F03CC0F2-5E8B-41BE-B2E2-E40A47A757BC}"
EndProject
Project("{FAE04EC0-301F-11D3-BF4B-00C04F79EFBC}") = "ch2_ex2_11_1941", "ch2_ex2_11_1941\ch2_ex2_11_1941.csproj", "{B81D990A-1C93-499F-9F7C-F15050E72E68}"
EndProject
Project("{FAE04EC0-301F-11D3-BF4B-00C04F79EFBC}") = "w2_ex8_3_1941", "w2_ex8_3_1941\w2_ex8_3_1941.csproj", "{81C55A9E-F0B4-4DAA-843A-E0EF7B0E6AFA}"
EndProject
Project("{FAE04EC0-301F-11D3-BF4B-00C04F79EFBC}") = "ex8_2_1941", "ex8_2_1941\ex8_2_1941.csproj", "{0C9337EE-4359-407B-B9AE-CD19693338F8}"
EndProject
Project("{FAE04EC0-301F-11D3-BF4B-00C04F79EFBC}") = "w2_ex8_6_1941", "w2_ex8_6_1941\w2_ex8_6_1941.csproj", "{538461AA-6472-4B6B-BD97-364261AF5729}"
EndProject
Project("{FAE04EC0-301F-11D3-BF4B-00C04F79EFBC}") = "w2_quiz5_1941", "w2_quiz5_1941\w2_quiz5_1941.csproj", "{D1F05980-E7C9-436F-882A-39FEB2356B95}"
EndProject
Global
	GlobalSection(SolutionConfigurationPlatforms) = preSolution
		Debug|Any CPU = Debug|Any CPU
		Release|Any CPU = Release|Any CPU
	EndGlobalSection
	GlobalSection(ProjectConfigurationPlatforms) = postSolution
		{B5FCF35D-304B-487E-977E-A4709E4A8A4D}.Debug|Any CPU.ActiveCfg = Debug|Any CPU
		{B5FCF35D-304B-487E-977E-A4709E4A8A4D}.Debug|Any CPU.Build.0 = Debug|Any CPU
		{B5FCF35D-304B-487E-977E-A4709E4A8A4D}.Release|Any CPU.ActiveCfg = Release|Any CPU
		{B5FCF35D-304B-487E-977E-A4709E4A8A4D}.Release|Any CPU.Build.0 = Release|Any CPU
		{F03CC0F2-5E8B-41BE-B2E2-E40A47A757BC}.Debug|Any CPU.ActiveCfg = Debug|Any CPU
		{F03CC0F2-5E8B-41BE-B2E2-E40A47A757BC}.Debug|Any CPU.Build.0 = Debug|Any CPU
		{F03CC0F2-5E8B-41BE-B2E2-E40A47A757BC}.Release|Any CPU.ActiveCfg = Release|Any CPU
		{F03CC0F2-5E8B-41BE-B2E2-E40A47A757BC}.Release|Any CPU.Build.0 = Release|Any CPU
		{B81D990A-1C93-499F-9F7C-F15050E72E68}.Debug|Any CPU.ActiveCfg = Debug|Any CPU
		{B81D990A-1C93-499F-9F7C-F15050E72E68}.Debug|Any CPU.Build.0 = Debug|Any CPU
		{B81D990A-1C93-499F-9F7C-F15050E72E68}.Release|Any CPU.ActiveCfg = Release|Any CPU
		{B81D990A-1C93-499F-9F7C-F15050E72E68}.Release|Any CPU.Build.0 = Release|Any CPU
		{81C55A9E-F0B4-4DAA-843A-E0EF7B0E6AFA}.Debug|Any CPU.ActiveCfg = Debug|Any CPU
		{81C55A9E-F0B4-4DAA-843A-E0EF7B0E6AFA}.Debug|Any CPU.Build.0 = Debug|Any CPU
		{81C55A9E-F0B4-4DAA-843A-E0EF7B0E6AFA}.Release|Any CPU.ActiveCfg = Release|Any CPU
		{81C55A9E-F0B4-4DAA-843A-E0EF7B0E6AFA}.Release|Any CPU.Build.0 = Release|Any CPU
		{0C9337EE-4359-407B-B9AE-CD19693338F8}.Debug|Any CPU.ActiveCfg = Debug|Any CPU
		{0C9337EE-4359-407B-B9AE-CD19693338F8}.Debug|Any CPU.Build.0 = Debug|Any CPU
		{0C9337EE-4359-407B-B9AE-CD19693338F8}.Release|Any CPU.ActiveCfg = Release|Any CPU
		{0C9337EE-4359-407B-B9AE-CD19693338F8}.Release|Any CPU.Build.0 = Release|Any CPU
		{538461AA-6472-4B6B-BD97-364261AF5729}.Debug|Any CPU.ActiveCfg = Debug|Any CPU
		{538461AA-6472-4B6B-BD97-364261AF5729}.Debug|Any CPU.Build.0 = Debug|Any CPU
		{538461AA-6472-4B6B-BD97-364261AF5729}.Release|Any CPU.ActiveCfg = Release|Any CPU
		{538461AA-6472-4B6B-BD97-364261AF5729}.Release|Any CPU.Build.0 = Release|Any CPU
		{D1F05980-E7C9-436F-882A-39FEB2356B95}.Debug|Any CPU.ActiveCfg = Debug|Any CPU
		{D1F05980-E7C9-436F-882A-39FEB2356B95}.Debug|Any CPU.Build.0 = Debug|Any CPU
		{D1F05980-E7C9-436F-882A-39FEB2356B95}.Release|Any CPU.ActiveCfg = Release|Any CPU
		{D1F05980-E7C9-436F-882A-39FEB2356B95}.Release|Any CPU.Build.0 = Release|Any CPU
	EndGlobalSection
	GlobalSection(SolutionProperties) = preSolution
		HideSolutionNode = FALSE
	EndGlobalSection
	GlobalSection(ExtensibilityGlobals) = postSolution
		SolutionGuid = {CE1C7D87-B3EA-4C21-B921-35A6D05ABE54}
	EndGlobalSection
EndGlobal
