
Microsoft Visual Studio Solution File, Format Version 12.00
# Visual Studio Version 16
VisualStudioVersion = 16.0.32802.440
MinimumVisualStudioVersion = 10.0.40219.1
Project("{FAE04EC0-301F-11D3-BF4B-00C04F79EFBC}") = "ch2_6_1941", "ch2_6_1941\ch2_6_1941.csproj", "{8233D9BC-A902-4C15-BB91-DE874D618A08}"
EndProject
Project("{FAE04EC0-301F-11D3-BF4B-00C04F79EFBC}") = "ch2_quiz1_1941", "ch2_quiz1_1941\ch2_quiz1_1941.csproj", "{2C86C698-E16B-4317-9D9A-551190DFD835}"
EndProject
Global
	GlobalSection(SolutionConfigurationPlatforms) = preSolution
		Debug|Any CPU = Debug|Any CPU
		Release|Any CPU = Release|Any CPU
	EndGlobalSection
	GlobalSection(ProjectConfigurationPlatforms) = postSolution
		{8233D9BC-A902-4C15-BB91-DE874D618A08}.Debug|Any CPU.ActiveCfg = Debug|Any CPU
		{8233D9BC-A902-4C15-BB91-DE874D618A08}.Debug|Any CPU.Build.0 = Debug|Any CPU
		{8233D9BC-A902-4C15-BB91-DE874D618A08}.Release|Any CPU.ActiveCfg = Release|Any CPU
		{8233D9BC-A902-4C15-BB91-DE874D618A08}.Release|Any CPU.Build.0 = Release|Any CPU
		{2C86C698-E16B-4317-9D9A-551190DFD835}.Debug|Any CPU.ActiveCfg = Debug|Any CPU
		{2C86C698-E16B-4317-9D9A-551190DFD835}.Debug|Any CPU.Build.0 = Debug|Any CPU
		{2C86C698-E16B-4317-9D9A-551190DFD835}.Release|Any CPU.ActiveCfg = Release|Any CPU
		{2C86C698-E16B-4317-9D9A-551190DFD835}.Release|Any CPU.Build.0 = Release|Any CPU
	EndGlobalSection
	GlobalSection(SolutionProperties) = preSolution
		HideSolutionNode = FALSE
	EndGlobalSection
	GlobalSection(ExtensibilityGlobals) = postSolution
		SolutionGuid = {34CB19D9-250E-4FB5-8900-919F588134F8}
	EndGlobalSection
EndGlobal
